
Microsoft Visual Studio Solution File, Format Version 12.00
# Visual Studio Version 17
VisualStudioVersion = 17.0.31903.59
MinimumVisualStudioVersion = 10.0.40219.1
Project("{F2A71F9B-5D33-465A-A702-920D77279786}") = "code", "code\code.fsproj", "{F1611236-AC70-4765-AB7D-41CA20AA08B0}"
EndProject
Project("{F2A71F9B-5D33-465A-A702-920D77279786}") = "codeTests", "codeTests\codeTests.fsproj", "{599E51DE-2AC5-405B-8810-41CAA06603F1}"
EndProject
Global
	GlobalSection(SolutionConfigurationPlatforms) = preSolution
		Debug|Any CPU = Debug|Any CPU
		Release|Any CPU = Release|Any CPU
	EndGlobalSection
	GlobalSection(SolutionProperties) = preSolution
		HideSolutionNode = FALSE
	EndGlobalSection
	GlobalSection(ProjectConfigurationPlatforms) = postSolution
		{F1611236-AC70-4765-AB7D-41CA20AA08B0}.Debug|Any CPU.ActiveCfg = Debug|Any CPU
		{F1611236-AC70-4765-AB7D-41CA20AA08B0}.Debug|Any CPU.Build.0 = Debug|Any CPU
		{F1611236-AC70-4765-AB7D-41CA20AA08B0}.Release|Any CPU.ActiveCfg = Release|Any CPU
		{F1611236-AC70-4765-AB7D-41CA20AA08B0}.Release|Any CPU.Build.0 = Release|Any CPU
		{599E51DE-2AC5-405B-8810-41CAA06603F1}.Debug|Any CPU.ActiveCfg = Debug|Any CPU
		{599E51DE-2AC5-405B-8810-41CAA06603F1}.Debug|Any CPU.Build.0 = Debug|Any CPU
		{599E51DE-2AC5-405B-8810-41CAA06603F1}.Release|Any CPU.ActiveCfg = Release|Any CPU
		{599E51DE-2AC5-405B-8810-41CAA06603F1}.Release|Any CPU.Build.0 = Release|Any CPU
	EndGlobalSection
EndGlobal
